lockfileVersion: '6.0'

settings:
  autoInstallPeers: true
  excludeLinksFromLockfile: false

dependencies:
  z3-solver:
    specifier: ^4.15.4
    version: 4.15.4

packages:

  /async-mutex@0.3.2:
    resolution: {integrity: sha512-HuTK7E7MT7jZEh1P9GtRW9+aTWiDWWi9InbZ5hjxrnRa39KS4BW04+xLBhYNS2aXhHUIKZSw3gj4Pn1pj+qGAA==}
    dependencies:
      tslib: 2.8.1
    dev: false

  /tslib@2.8.1:
    resolution: {integrity: sha512-oJFu94HQb+KVduSUQL7wnpmqnfmLsOA/nAh6b6EH0wCEoK0/mPeXU6c3wKDV83MkOuHPRHtSXKKU99IBazS/2w==}
    dev: false

  /z3-solver@4.15.4:
    resolution: {integrity: sha512-Tcv55+k5VsPQEX7R3gIu5ieUeLp9fP1r+8+c85dQORj/v4Fy+LvOzVzZZtg4mJjUgfIhGCg6ZfAeiUiUxDPRVg==}
    engines: {node: '>=16'}
    dependencies:
      async-mutex: 0.3.2
    dev: false
